{
  "name": "tkinterfood-frontend",
  "version": "1.0.0",
  "lockfileVersion": 1,
  "dependencies": {
    "expose-loader": {
      "version": "0.7.3",
      "resolved": "https://registry.npmjs.org/expose-loader/-/expose-loader-0.7.3.tgz",
      "integrity": "sha1-NfvTZZeJ5PqoH1nei36fw55GbVE=",
      "dev": true
    }
  }
}
